<?xml version="1.0" encoding="utf-8"?>
<Project ToolsVersion="4.0" xmlns="http://schemas.microsoft.com/developer/msbuild/2003">
  <ItemGroup>
    <Filter Include="glew">
      <UniqueIdentifier>{2e33ccfb-6a6b-4719-a82d-a54e190ec57b}</UniqueIdentifier>
    </Filter>
    <Filter Include="glew\include">
      <UniqueIdentifier>{c94891ca-af86-4fec-8b09-311712e1a978}</UniqueIdentifier>
    </Filter>
    <Filter Include="glew\source">
      <UniqueIdentifier>{437db5fa-46ff-4486-895c-90d20fbdb613}</UniqueIdentifier>
    </Filter>
    <Filter Include="freeglut">
      <UniqueIdentifier>{df226bfe-e0a8-4a2a-a1af-e9343d7d86ee}</UniqueIdentifier>
    </Filter>
    <Filter Include="freeglut\include">
      <UniqueIdentifier>{7bcdeda2-0d5c-4f2a-94ee-09e73cf7cf73}</UniqueIdentifier>
    </Filter>
    <Filter Include="freeglut\source">
      <UniqueIdentifier>{c511b800-1a49-494d-b26e-abc95aa36eb2}</UniqueIdentifier>
    </Filter>
    <Filter Include="cwc">
      <UniqueIdentifier>{c35b88b6-db2b-4905-8839-2226d290b8b3}</UniqueIdentifier>
    </Filter>
    <Filter Include="cwc\include">
      <UniqueIdentifier>{b32664c5-2bef-4ce8-a0ca-5d6bdbce4ed5}</UniqueIdentifier>
    </Filter>
    <Filter Include="cwc\source">
      <UniqueIdentifier>{89814fa5-004b-4ed4-a43b-bd8c185ed5ef}</UniqueIdentifier>
    </Filter>
    <Filter Include="Clases">
      <UniqueIdentifier>{cb64282c-6e55-47cf-830d-260384733fce}</UniqueIdentifier>
    </Filter>
  </ItemGroup>
  <ItemGroup>
    <ClInclude Include="glew\include\Gl\glew.h">
      <Filter>glew\include</Filter>
    </ClInclude>
    <ClInclude Include="glew\include\Gl\glxew.h">
      <Filter>glew\include</Filter>
    </ClInclude>
    <ClInclude Include="glew\include\Gl\wglew.h">
      <Filter>glew\include</Filter>
    </ClInclude>
    <ClInclude Include="freeglut\include\Gl\freeglut.h">
      <Filter>freeglut\include</Filter>
    </ClInclude>
    <ClInclude Include="freeglut\include\Gl\freeglut_ext.h">
      <Filter>freeglut\include</Filter>
    </ClInclude>
    <ClInclude Include="freeglut\include\Gl\freeglut_std.h">
      <Filter>freeglut\include</Filter>
    </ClInclude>
    <ClInclude Include="freeglut\include\Gl\glut.h">
      <Filter>freeglut\include</Filter>
    </ClInclude>
    <ClInclude Include="freeglut\source\freeglut_internal.h">
      <Filter>freeglut\source</Filter>
    </ClInclude>
    <ClInclude Include="freeglut\source\freeglut_teapot_data.h">
      <Filter>freeglut\source</Filter>
    </ClInclude>
    <ClInclude Include="cwc\include\glApplication.h">
      <Filter>cwc\include</Filter>
    </ClInclude>
    <ClInclude Include="cwc\include\glsl.h">
      <Filter>cwc\include</Filter>
    </ClInclude>
    <ClInclude Include="cwc\include\glutwindow.h">
      <Filter>cwc\include</Filter>
    </ClInclude>
    <ClInclude Include="cwc\include\glWindow.h">
      <Filter>cwc\include</Filter>
    </ClInclude>
    <ClInclude Include="Arbol.h">
      <Filter>Clases</Filter>
    </ClInclude>
    <ClInclude Include="Triangulo.h">
      <Filter>Clases</Filter>
    </ClInclude>
    <ClInclude Include="Teacup.h">
      <Filter>Clases</Filter>
    </ClInclude>
    <ClInclude Include="Farmer.h">
      <Filter>Clases</Filter>
    </ClInclude>
  </ItemGroup>
  <ItemGroup>
    <ClCompile Include="glew\source\glew.c">
      <Filter>glew\source</Filter>
    </ClCompile>
    <ClCompile Include="freeglut\source\freeglut_callbacks.c">
      <Filter>freeglut\source</Filter>
    </ClCompile>
    <ClCompile Include="freeglut\source\freeglut_cursor.c">
      <Filter>freeglut\source</Filter>
    </ClCompile>
    <ClCompile Include="freeglut\source\freeglut_display.c">
      <Filter>freeglut\source</Filter>
    </ClCompile>
    <ClCompile Include="freeglut\source\freeglut_ext.c">
      <Filter>freeglut\source</Filter>
    </ClCompile>
    <ClCompile Include="freeglut\source\freeglut_font.c">
      <Filter>freeglut\source</Filter>
    </ClCompile>
    <ClCompile Include="freeglut\source\freeglut_font_data.c">
      <Filter>freeglut\source</Filter>
    </ClCompile>
    <ClCompile Include="freeglut\source\freeglut_gamemode.c">
      <Filter>freeglut\source</Filter>
    </ClCompile>
    <ClCompile Include="freeglut\source\freeglut_geometry.c">
      <Filter>freeglut\source</Filter>
    </ClCompile>
    <ClCompile Include="freeglut\source\freeglut_glutfont_definitions.c">
      <Filter>freeglut\source</Filter>
    </ClCompile>
    <ClCompile Include="freeglut\source\freeglut_init.c">
      <Filter>freeglut\source</Filter>
    </ClCompile>
    <ClCompile Include="freeglut\source\freeglut_joystick.c">
      <Filter>freeglut\source</Filter>
    </ClCompile>
    <ClCompile Include="freeglut\source\freeglut_main.c">
      <Filter>freeglut\source</Filter>
    </ClCompile>
    <ClCompile Include="freeglut\source\freeglut_menu.c">
      <Filter>freeglut\source</Filter>
    </ClCompile>
    <ClCompile Include="freeglut\source\freeglut_misc.c">
      <Filter>freeglut\source</Filter>
    </ClCompile>
    <ClCompile Include="freeglut\source\freeglut_overlay.c">
      <Filter>freeglut\source</Filter>
    </ClCompile>
    <ClCompile Include="freeglut\source\freeglut_state.c">
      <Filter>freeglut\source</Filter>
    </ClCompile>
    <ClCompile Include="freeglut\source\freeglut_stroke_mono_roman.c">
      <Filter>freeglut\source</Filter>
    </ClCompile>
    <ClCompile Include="freeglut\source\freeglut_stroke_roman.c">
      <Filter>freeglut\source</Filter>
    </ClCompile>
    <ClCompile Include="freeglut\source\freeglut_structure.c">
      <Filter>freeglut\source</Filter>
    </ClCompile>
    <ClCompile Include="freeglut\source\freeglut_teapot.c">
      <Filter>freeglut\source</Filter>
    </ClCompile>
    <ClCompile Include="freeglut\source\freeglut_videoresize.c">
      <Filter>freeglut\source</Filter>
    </ClCompile>
    <ClCompile Include="freeglut\source\freeglut_window.c">
      <Filter>freeglut\source</Filter>
    </ClCompile>
    <ClCompile Include="cwc\source\glApplication.cpp">
      <Filter>cwc\source</Filter>
    </ClCompile>
    <ClCompile Include="cwc\source\glsl.cpp">
      <Filter>cwc\source</Filter>
    </ClCompile>
    <ClCompile Include="cwc\source\glutwindow.cpp">
      <Filter>cwc\source</Filter>
    </ClCompile>
    <ClCompile Include="cwc\source\glWindow.cpp">
      <Filter>cwc\source</Filter>
    </ClCompile>
    <ClCompile Include="main.cpp" />
    <ClCompile Include="Arbol.cpp">
      <Filter>Clases</Filter>
    </ClCompile>
    <ClCompile Include="Triangulo.cpp">
      <Filter>Clases</Filter>
    </ClCompile>
    <ClCompile Include="Teacup.cpp">
      <Filter>Clases</Filter>
    </ClCompile>
    <ClCompile Include="Farmer.cpp">
      <Filter>Clases</Filter>
    </ClCompile>
  </ItemGroup>
  <ItemGroup>
    <None Include="freeglut\source\freeglutdll.def">
      <Filter>freeglut\source</Filter>
    </None>
  </ItemGroup>
  <ItemGroup>
    <Text Include="fragmentshader.txt" />
    <Text Include="vertexshader.txt" />
  </ItemGroup>
</Project>